
Microsoft Visual Studio Solution File, Format Version 12.00
# Visual Studio Version 17
VisualStudioVersion = 17.3.32819.101
MinimumVisualStudioVersion = 10.0.40219.1
Project("{FAE04EC0-301F-11D3-BF4B-00C04F79EFBC}") = "RecuParcial2", "RecuParcial2\RecuParcial2.csproj", "{6FCC875B-4B81-476E-9FDF-13A8DAB5378D}"
EndProject
Global
	GlobalSection(SolutionConfigurationPlatforms) = preSolution
		Debug|Any CPU = Debug|Any CPU
		Release|Any CPU = Release|Any CPU
	EndGlobalSection
	GlobalSection(ProjectConfigurationPlatforms) = postSolution
		{6FCC875B-4B81-476E-9FDF-13A8DAB5378D}.Debug|Any CPU.ActiveCfg = Debug|Any CPU
		{6FCC875B-4B81-476E-9FDF-13A8DAB5378D}.Debug|Any CPU.Build.0 = Debug|Any CPU
		{6FCC875B-4B81-476E-9FDF-13A8DAB5378D}.Release|Any CPU.ActiveCfg = Release|Any CPU
		{6FCC875B-4B81-476E-9FDF-13A8DAB5378D}.Release|Any CPU.Build.0 = Release|Any CPU
	EndGlobalSection
	GlobalSection(SolutionProperties) = preSolution
		HideSolutionNode = FALSE
	EndGlobalSection
	GlobalSection(ExtensibilityGlobals) = postSolution
		SolutionGuid = {3CC23B15-1CC6-4134-807B-981EB305AF91}
	EndGlobalSection
EndGlobal
