
Microsoft Visual Studio Solution File, Format Version 12.00
# Visual Studio Version 17
VisualStudioVersion = 17.3.32819.101
MinimumVisualStudioVersion = 10.0.40219.1
Project("{FAE04EC0-301F-11D3-BF4B-00C04F79EFBC}") = "invertirF", "invertirF\invertirF.csproj", "{0A25C6E8-4558-43DC-95CC-47B825D32049}"
EndProject
Global
	GlobalSection(SolutionConfigurationPlatforms) = preSolution
		Debug|Any CPU = Debug|Any CPU
		Release|Any CPU = Release|Any CPU
	EndGlobalSection
	GlobalSection(ProjectConfigurationPlatforms) = postSolution
		{0A25C6E8-4558-43DC-95CC-47B825D32049}.Debug|Any CPU.ActiveCfg = Debug|Any CPU
		{0A25C6E8-4558-43DC-95CC-47B825D32049}.Debug|Any CPU.Build.0 = Debug|Any CPU
		{0A25C6E8-4558-43DC-95CC-47B825D32049}.Release|Any CPU.ActiveCfg = Release|Any CPU
		{0A25C6E8-4558-43DC-95CC-47B825D32049}.Release|Any CPU.Build.0 = Release|Any CPU
	EndGlobalSection
	GlobalSection(SolutionProperties) = preSolution
		HideSolutionNode = FALSE
	EndGlobalSection
	GlobalSection(ExtensibilityGlobals) = postSolution
		SolutionGuid = {4243C85B-C04B-4488-8254-B329A172550D}
	EndGlobalSection
EndGlobal
